
Microsoft Visual Studio Solution File, Format Version 12.00
# Visual Studio Version 17
VisualStudioVersion = 17.0.31903.59
MinimumVisualStudioVersion = 10.0.40219.1
Project("{FAE04EC0-301F-11D3-BF4B-00C04F79EFBC}") = "Maliev.OrderService.Api", "Maliev.OrderService.Api\Maliev.OrderService.Api.csproj", "{BE64A71C-46BE-4963-86C4-2F0F6BB163D5}"
EndProject
Project("{FAE04EC0-301F-11D3-BF4B-00C04F79EFBC}") = "Maliev.OrderService.Data", "Maliev.OrderService.Data\Maliev.OrderService.Data.csproj", "{4C40BEDB-BC51-404B-86DC-07483416BBBC}"
EndProject
Project("{FAE04EC0-301F-11D3-BF4B-00C04F79EFBC}") = "Maliev.OrderService.Tests", "Maliev.OrderService.Tests\Maliev.OrderService.Tests.csproj", "{57B13EEE-D737-4022-83E1-CEB952359895}"
EndProject
Global
	GlobalSection(SolutionConfigurationPlatforms) = preSolution
		Debug|Any CPU = Debug|Any CPU
		Debug|x64 = Debug|x64
		Debug|x86 = Debug|x86
		Release|Any CPU = Release|Any CPU
		Release|x64 = Release|x64
		Release|x86 = Release|x86
	EndGlobalSection
	GlobalSection(ProjectConfigurationPlatforms) = postSolution
		{BE64A71C-46BE-4963-86C4-2F0F6BB163D5}.Debug|Any CPU.ActiveCfg = Debug|Any CPU
		{BE64A71C-46BE-4963-86C4-2F0F6BB163D5}.Debug|Any CPU.Build.0 = Debug|Any CPU
		{BE64A71C-46BE-4963-86C4-2F0F6BB163D5}.Debug|x64.ActiveCfg = Debug|Any CPU
		{BE64A71C-46BE-4963-86C4-2F0F6BB163D5}.Debug|x64.Build.0 = Debug|Any CPU
		{BE64A71C-46BE-4963-86C4-2F0F6BB163D5}.Debug|x86.ActiveCfg = Debug|Any CPU
		{BE64A71C-46BE-4963-86C4-2F0F6BB163D5}.Debug|x86.Build.0 = Debug|Any CPU
		{BE64A71C-46BE-4963-86C4-2F0F6BB163D5}.Release|Any CPU.ActiveCfg = Release|Any CPU
		{BE64A71C-46BE-4963-86C4-2F0F6BB163D5}.Release|Any CPU.Build.0 = Release|Any CPU
		{BE64A71C-46BE-4963-86C4-2F0F6BB163D5}.Release|x64.ActiveCfg = Release|Any CPU
		{BE64A71C-46BE-4963-86C4-2F0F6BB163D5}.Release|x64.Build.0 = Release|Any CPU
		{BE64A71C-46BE-4963-86C4-2F0F6BB163D5}.Release|x86.ActiveCfg = Release|Any CPU
		{BE64A71C-46BE-4963-86C4-2F0F6BB163D5}.Release|x86.Build.0 = Release|Any CPU
		{4C40BEDB-BC51-404B-86DC-07483416BBBC}.Debug|Any CPU.ActiveCfg = Debug|Any CPU
		{4C40BEDB-BC51-404B-86DC-07483416BBBC}.Debug|Any CPU.Build.0 = Debug|Any CPU
		{4C40BEDB-BC51-404B-86DC-07483416BBBC}.Debug|x64.ActiveCfg = Debug|Any CPU
		{4C40BEDB-BC51-404B-86DC-07483416BBBC}.Debug|x64.Build.0 = Debug|Any CPU
		{4C40BEDB-BC51-404B-86DC-07483416BBBC}.Debug|x86.ActiveCfg = Debug|Any CPU
		{4C40BEDB-BC51-404B-86DC-07483416BBBC}.Debug|x86.Build.0 = Debug|Any CPU
		{4C40BEDB-BC51-404B-86DC-07483416BBBC}.Release|Any CPU.ActiveCfg = Release|Any CPU
		{4C40BEDB-BC51-404B-86DC-07483416BBBC}.Release|Any CPU.Build.0 = Release|Any CPU
		{4C40BEDB-BC51-404B-86DC-07483416BBBC}.Release|x64.ActiveCfg = Release|Any CPU
		{4C40BEDB-BC51-404B-86DC-07483416BBBC}.Release|x64.Build.0 = Release|Any CPU
		{4C40BEDB-BC51-404B-86DC-07483416BBBC}.Release|x86.ActiveCfg = Release|Any CPU
		{4C40BEDB-BC51-404B-86DC-07483416BBBC}.Release|x86.Build.0 = Release|Any CPU
		{57B13EEE-D737-4022-83E1-CEB952359895}.Debug|Any CPU.ActiveCfg = Debug|Any CPU
		{57B13EEE-D737-4022-83E1-CEB952359895}.Debug|Any CPU.Build.0 = Debug|Any CPU
		{57B13EEE-D737-4022-83E1-CEB952359895}.Debug|x64.ActiveCfg = Debug|Any CPU
		{57B13EEE-D737-4022-83E1-CEB952359895}.Debug|x64.Build.0 = Debug|Any CPU
		{57B13EEE-D737-4022-83E1-CEB952359895}.Debug|x86.ActiveCfg = Debug|Any CPU
		{57B13EEE-D737-4022-83E1-CEB952359895}.Debug|x86.Build.0 = Debug|Any CPU
		{57B13EEE-D737-4022-83E1-CEB952359895}.Release|Any CPU.ActiveCfg = Release|Any CPU
		{57B13EEE-D737-4022-83E1-CEB952359895}.Release|Any CPU.Build.0 = Release|Any CPU
		{57B13EEE-D737-4022-83E1-CEB952359895}.Release|x64.ActiveCfg = Release|Any CPU
		{57B13EEE-D737-4022-83E1-CEB952359895}.Release|x64.Build.0 = Release|Any CPU
		{57B13EEE-D737-4022-83E1-CEB952359895}.Release|x86.ActiveCfg = Release|Any CPU
		{57B13EEE-D737-4022-83E1-CEB952359895}.Release|x86.Build.0 = Release|Any CPU
	EndGlobalSection
	GlobalSection(SolutionProperties) = preSolution
		HideSolutionNode = FALSE
	EndGlobalSection
EndGlobal
