<Solution>
  <Project Path="Maliev.OrderService.Api/Maliev.OrderService.Api.csproj" />
  <Project Path="Maliev.OrderService.Domain/Maliev.OrderService.Domain.csproj" />
  <Project Path="Maliev.OrderService.Application/Maliev.OrderService.Application.csproj" />
  <Project Path="Maliev.OrderService.Infrastructure/Maliev.OrderService.Infrastructure.csproj" />
  <Project Path="Maliev.OrderService.Tests/Maliev.OrderService.Tests.csproj" />
</Solution>
